// !$*UTF8*$!
{
	archiveVersion = 1;
	classes = {
	};
	objectVersion = 46;
	objects = {

/* Begin PBXBuildFile section */
		6F31150A19E1D58B007D28EB /* AppDelegate.swift in Sources */ = {isa = PBXBuildFile; fileRef = 6F31150919E1D58B007D28EB /* AppDelegate.swift */; };
		6F31150C19E1D58B007D28EB /* ViewController.swift in Sources */ = {isa = PBXBuildFile; fileRef = 6F31150B19E1D58B007D28EB /* ViewController.swift */; };
		6F31150F19E1D58B007D28EB /* Main.storyboard in Resources */ = {isa = PBXBuildFile; fileRef = 6F31150D19E1D58B007D28EB /* Main.storyboard */; };
		6F31151119E1D58B007D28EB /* Images.xcassets in Resources */ = {isa = PBXBuildFile; fileRef = 6F31151019E1D58B007D28EB /* Images.xcassets */; };
		6F31151419E1D58B007D28EB /* LaunchScreen.xib in Resources */ = {isa = PBXBuildFile; fileRef = 6F31151219E1D58B007D28EB /* LaunchScreen.xib */; };
		6F31152019E1D58B007D28EB /* SlotMachineTests.swift in Sources */ = {isa = PBXBuildFile; fileRef = 6F31151F19E1D58B007D28EB /* SlotMachineTests.swift */; };
/* End PBXBuildFile section */

/* Begin PBXContainerItemProxy section */
		6F31151A19E1D58B007D28EB /* PBXContainerItemProxy */ = {
			isa = PBXContainerItemProxy;
			containerPortal = 6F3114FC19E1D58B007D28EB /* Project object */;
			proxyType = 1;
			remoteGlobalIDString = 6F31150319E1D58B007D28EB;
			remoteInfo = SlotMachine;
		};
/* End PBXContainerItemProxy section */

/* Begin PBXFileReference section */
		6F31150419E1D58B007D28EB /* SlotMachine.app */ = {isa = PBXFileReference; explicitFileType = wrapper.application; includeInIndex = 0; path = SlotMachine.app; sourceTree = BUILT_PRODUCTS_DIR; };
		6F31150819E1D58B007D28EB /* Info.plist */ = {isa = PBXFileReference; lastKnownFileType = text.plist.xml; path = Info.plist; sourceTree = "<group>"; };
		6F31150919E1D58B007D28EB /* AppDelegate.swift */ = {isa = PBXFileReference; lastKnownFileType = sourcecode.swift; path = AppDelegate.swift; sourceTree = "<group>"; };
		6F31150B19E1D58B007D28EB /* ViewController.swift */ = {isa = PBXFileReference; lastKnownFileType = sourcecode.swift; path = ViewController.swift; sourceTree = "<group>"; };
		6F31150E19E1D58B007D28EB /* Base */ = {isa = PBXFileReference; lastKnownFileType = file.storyboard; name = Base; path = Base.lproj/Main.storyboard; sourceTree = "<group>"; };
		6F31151019E1D58B007D28EB /* Images.xcassets */ = {isa = PBXFileReference; lastKnownFileType = folder.assetcatalog; path = Images.xcassets; sourceTree = "<group>"; };
		6F31151319E1D58B007D28EB /* Base */ = {isa = PBXFileReference; lastKnownFileType = file.xib; name = Base; path = Base.lproj/LaunchScreen.xib; sourceTree = "<group>"; };
		6F31151919E1D58B007D28EB /* SlotMachineTests.xctest */ = {isa = PBXFileReference; explicitFileType = wrapper.cfbundle; includeInIndex = 0; path = SlotMachineTests.xctest; sourceTree = BUILT_PRODUCTS_DIR; };
		6F31151E19E1D58B007D28EB /* Info.plist */ = {isa = PBXFileReference; lastKnownFileType = text.plist.xml; path = Info.plist; sourceTree = "<group>"; };
		6F31151F19E1D58B007D28EB /* SlotMachineTests.swift */ = {isa = PBXFileReference; lastKnownFileType = sourcecode.swift; path = SlotMachineTests.swift; sourceTree = "<group>"; };
/* End PBXFileReference section */

/* Begin PBXFrameworksBuildPhase section */
		6F31150119E1D58B007D28EB /* Frameworks */ = {
			isa = PBXFrameworksBuildPhase;
			buildActionMask = 2147483647;
			files = (
			);
			runOnlyForDeploymentPostprocessing = 0;
		};
		6F31151619E1D58B007D28EB /* Frameworks */ = {
			isa = PBXFrameworksBuildPhase;
			buildActionMask = 2147483647;
			files = (
			);
			runOnlyForDeploymentPostprocessing = 0;
		};
/* End PBXFrameworksBuildPhase section */

/* Begin PBXGroup section */
		6F3114FB19E1D58B007D28EB = {
			isa = PBXGroup;
			children = (
				6F31150619E1D58B007D28EB /* SlotMachine */,
				6F31151C19E1D58B007D28EB /* SlotMachineTests */,
				6F31150519E1D58B007D28EB /* Products */,
			);
			sourceTree = "<group>";
		};
		6F31150519E1D58B007D28EB /* Products */ = {
			isa = PBXGroup;
			children = (
				6F31150419E1D58B007D28EB /* SlotMachine.app */,
				6F31151919E1D58B007D28EB /* SlotMachineTests.xctest */,
			);
			name = Products;
			sourceTree = "<group>";
		};
		6F31150619E1D58B007D28EB /* SlotMachine */ = {
			isa = PBXGroup;
			children = (
				6F31150919E1D58B007D28EB /* AppDelegate.swift */,
				6F31150B19E1D58B007D28EB /* ViewController.swift */,
				6F31150D19E1D58B007D28EB /* Main.storyboard */,
				6F31151019E1D58B007D28EB /* Images.xcassets */,
				6F31151219E1D58B007D28EB /* LaunchScreen.xib */,
				6F31150719E1D58B007D28EB /* Supporting Files */,
			);
			path = SlotMachine;
			sourceTree = "<group>";
		};
		6F31150719E1D58B007D28EB /* Supporting Files */ = {
			isa = PBXGroup;
			children = (
				6F31150819E1D58B007D28EB /* Info.plist */,
			);
			name = "Supporting Files";
			sourceTree = "<group>";
		};
		6F31151C19E1D58B007D28EB /* SlotMachineTests */ = {
			isa = PBXGroup;
			children = (
				6F31151F19E1D58B007D28EB /* SlotMachineTests.swift */,
				6F31151D19E1D58B007D28EB /* Supporting Files */,
			);
			path = SlotMachineTests;
			sourceTree = "<group>";
		};
		6F31151D19E1D58B007D28EB /* Supporting Files */ = {
			isa = PBXGroup;
			children = (
				6F31151E19E1D58B007D28EB /* Info.plist */,
			);
			name = "Supporting Files";
			sourceTree = "<group>";
		};
/* End PBXGroup section */

/* Begin PBXNativeTarget section */
		6F31150319E1D58B007D28EB /* SlotMachine */ = {
			isa = PBXNativeTarget;
			buildConfigurationList = 6F31152319E1D58B007D28EB /* Build configuration list for PBXNativeTarget "SlotMachine" */;
			buildPhases = (
				6F31150019E1D58B007D28EB /* Sources */,
				6F31150119E1D58B007D28EB /* Frameworks */,
				6F31150219E1D58B007D28EB /* Resources */,
			);
			buildRules = (
			);
			dependencies = (
			);
			name = SlotMachine;
			productName = SlotMachine;
			productReference = 6F31150419E1D58B007D28EB /* SlotMachine.app */;
			productType = "com.apple.product-type.application";
		};
		6F31151819E1D58B007D28EB /* SlotMachineTests */ = {
			isa = PBXNativeTarget;
			buildConfigurationList = 6F31152619E1D58B007D28EB /* Build configuration list for PBXNativeTarget "SlotMachineTests" */;
			buildPhases = (
				6F31151519E1D58B007D28EB /* Sources */,
				6F31151619E1D58B007D28EB /* Frameworks */,
				6F31151719E1D58B007D28EB /* Resources */,
			);
			buildRules = (
			);
			dependencies = (
				6F31151B19E1D58B007D28EB /* PBXTargetDependency */,
			);
			name = SlotMachineTests;
			productName = SlotMachineTests;
			productReference = 6F31151919E1D58B007D28EB /* SlotMachineTests.xctest */;
			productType = "com.apple.product-type.bundle.unit-test";
		};
/* End PBXNativeTarget section */

/* Begin PBXProject section */
		6F3114FC19E1D58B007D28EB /* Project object */ = {
			isa = PBXProject;
			attributes = {
				LastUpgradeCheck = 0600;
				ORGANIZATIONNAME = BitFountain;
				TargetAttributes = {
					6F31150319E1D58B007D28EB = {
						CreatedOnToolsVersion = 6.0.1;
					};
					6F31151819E1D58B007D28EB = {
						CreatedOnToolsVersion = 6.0.1;
						TestTargetID = 6F31150319E1D58B007D28EB;
					};
				};
			};
			buildConfigurationList = 6F3114FF19E1D58B007D28EB /* Build configuration list for PBXProject "SlotMachine" */;
			compatibilityVersion = "Xcode 3.2";
			developmentRegion = English;
			hasScannedForEncodings = 0;
			knownRegions = (
				en,
				Base,
			);
			mainGroup = 6F3114FB19E1D58B007D28EB;
			productRefGroup = 6F31150519E1D58B007D28EB /* Products */;
			projectDirPath = "";
			projectRoot = "";
			targets = (
				6F31150319E1D58B007D28EB /* SlotMachine */,
				6F31151819E1D58B007D28EB /* SlotMachineTests */,
			);
		};
/* End PBXProject section */

/* Begin PBXResourcesBuildPhase section */
		6F31150219E1D58B007D28EB /* Resources */ = {
			isa = PBXResourcesBuildPhase;
			buildActionMask = 2147483647;
			files = (
				6F31150F19E1D58B007D28EB /* Main.storyboard in Resources */,
				6F31151419E1D58B007D28EB /* LaunchScreen.xib in Resources */,
				6F31151119E1D58B007D28EB /* Images.xcassets in Resources */,
			);
			runOnlyForDeploymentPostprocessing = 0;
		};
		6F31151719E1D58B007D28EB /* Resources */ = {
			isa = PBXResourcesBuildPhase;
			buildActionMask = 2147483647;
			files = (
			);
			runOnlyForDeploymentPostprocessing = 0;
		};
/* End PBXResourcesBuildPhase section */

/* Begin PBXSourcesBuildPhase section */
		6F31150019E1D58B007D28EB /* Sources */ = {
			isa = PBXSourcesBuildPhase;
			buildActionMask = 2147483647;
			files = (
				6F31150C19E1D58B007D28EB /* ViewController.swift in Sources */,
				6F31150A19E1D58B007D28EB /* AppDelegate.swift in Sources */,
			);
			runOnlyForDeploymentPostprocessing = 0;
		};
		6F31151519E1D58B007D28EB /* Sources */ = {
			isa = PBXSourcesBuildPhase;
			buildActionMask = 2147483647;
			files = (
				6F31152019E1D58B007D28EB /* SlotMachineTests.swift in Sources */,
			);
			runOnlyForDeploymentPostprocessing = 0;
		};
/* End PBXSourcesBuildPhase section */

/* Begin PBXTargetDependency section */
		6F31151B19E1D58B007D28EB /* PBXTargetDependency */ = {
			isa = PBXTargetDependency;
			target = 6F31150319E1D58B007D28EB /* SlotMachine */;
			targetProxy = 6F31151A19E1D58B007D28EB /* PBXContainerItemProxy */;
		};
/* End PBXTargetDependency section */

/* Begin PBXVariantGroup section */
		6F31150D19E1D58B007D28EB /* Main.storyboard */ = {
			isa = PBXVariantGroup;
			children = (
				6F31150E19E1D58B007D28EB /* Base */,
			);
			name = Main.storyboard;
			sourceTree = "<group>";
		};
		6F31151219E1D58B007D28EB /* LaunchScreen.xib */ = {
			isa = PBXVariantGroup;
			children = (
				6F31151319E1D58B007D28EB /* Base */,
			);
			name = LaunchScreen.xib;
			sourceTree = "<group>";
		};
/* End PBXVariantGroup section */

/* Begin XCBuildConfiguration section */
		6F31152119E1D58B007D28EB /* Debug */ = {
			isa = XCBuildConfiguration;
			buildSettings = {
				ALWAYS_SEARCH_USER_PATHS = NO;
				CLANG_CXX_LANGUAGE_STANDARD = "gnu++0x";
				CLANG_CXX_LIBRARY = "libc++";
				CLANG_ENABLE_MODULES = YES;
				CLANG_ENABLE_OBJC_ARC = YES;
				CLANG_WARN_BOOL_CONVERSION = YES;
				CLANG_WARN_CONSTANT_CONVERSION = YES;
				CLANG_WARN_DIRECT_OBJC_ISA_USAGE = YES_ERROR;
				CLANG_WARN_EMPTY_BODY = YES;
				CLANG_WARN_ENUM_CONVERSION = YES;
				CLANG_WARN_INT_CONVERSION = YES;
				CLANG_WARN_OBJC_ROOT_CLASS = YES_ERROR;
				CLANG_WARN_UNREACHABLE_CODE = YES;
				CLANG_WARN__DUPLICATE_METHOD_MATCH = YES;
				"CODE_SIGN_IDENTITY[sdk=iphoneos*]" = "iPhone Developer";
				COPY_PHASE_STRIP = NO;
				ENABLE_STRICT_OBJC_MSGSEND = YES;
				GCC_C_LANGUAGE_STANDARD = gnu99;
				GCC_DYNAMIC_NO_PIC = NO;
				GCC_OPTIMIZATION_LEVEL = 0;
				GCC_PREPROCESSOR_DEFINITIONS = (
					"DEBUG=1",
					"$(inherited)",
				);
				GCC_SYMBOLS_PRIVATE_EXTERN = NO;
				GCC_WARN_64_TO_32_BIT_CONVERSION = YES;
				GCC_WARN_ABOUT_RETURN_TYPE = YES_ERROR;
				GCC_WARN_UNDECLARED_SELECTOR = YES;
				GCC_WARN_UNINITIALIZED_AUTOS = YES_AGGRESSIVE;
				GCC_WARN_UNUSED_FUNCTION = YES;
				GCC_WARN_UNUSED_VARIABLE = YES;
				IPHONEOS_DEPLOYMENT_TARGET = 8.0;
				MTL_ENABLE_DEBUG_INFO = YES;
				ONLY_ACTIVE_ARCH = YES;
				SDKROOT = iphoneos;
				SWIFT_OPTIMIZATION_LEVEL = "-Onone";
				TARGETED_DEVICE_FAMILY = "1,2";
			};
			name = Debug;
		};
		6F31152219E1D58B007D28EB /* Release */ = {
			isa = XCBuildConfiguration;
			buildSettings = {
				ALWAYS_SEARCH_USER_PATHS = NO;
				CLANG_CXX_LANGUAGE_STANDARD = "gnu++0x";
				CLANG_CXX_LIBRARY = "libc++";
				CLANG_ENABLE_MODULES = YES;
				CLANG_ENABLE_OBJC_ARC = YES;
				CLANG_WARN_BOOL_CONVERSION = YES;
				CLANG_WARN_CONSTANT_CONVERSION = YES;
				CLANG_WARN_DIRECT_OBJC_ISA_USAGE = YES_ERROR;
				CLANG_WARN_EMPTY_BODY = YES;
				CLANG_WARN_ENUM_CONVERSION = YES;
				CLANG_WARN_INT_CONVERSION = YES;
				CLANG_WARN_OBJC_ROOT_CLASS = YES_ERROR;
				CLANG_WARN_UNREACHABLE_CODE = YES;
				CLANG_WARN__DUPLICATE_METHOD_MATCH = YES;
				"CODE_SIGN_IDENTITY[sdk=iphoneos*]" = "iPhone Developer";
				COPY_PHASE_STRIP = YES;
				ENABLE_NS_ASSERTIONS = NO;
				ENABLE_STRICT_OBJC_MSGSEND = YES;
				GCC_C_LANGUAGE_STANDARD = gnu99;
				GCC_WARN_64_TO_32_BIT_CONVERSION = YES;
				GCC_WARN_ABOUT_RETURN_TYPE = YES_ERROR;
				GCC_WARN_UNDECLARED_SELECTOR = YES;
				GCC_WARN_UNINITIALIZED_AUTOS = YES_AGGRESSIVE;
				GCC_WARN_UNUSED_FUNCTION = YES;
				GCC_WARN_UNUSED_VARIABLE = YES;
				IPHONEOS_DEPLOYMENT_TARGET = 8.0;
				MTL_ENABLE_DEBUG_INFO = NO;
				SDKROOT = iphoneos;
				TARGETED_DEVICE_FAMILY = "1,2";
				VALIDATE_PRODUCT = YES;
			};
			name = Release;
		};
		6F31152419E1D58B007D28EB /* Debug */ = {
			isa = XCBuildConfiguration;
			buildSettings = {
				ASSETCATALOG_COMPILER_APPICON_NAME = AppIcon;
				INFOPLIST_FILE = SlotMachine/Info.plist;
				LD_RUNPATH_SEARCH_PATHS = "$(inherited) @executable_path/Frameworks";
				PRODUCT_NAME = "$(TARGET_NAME)";
			};
			name = Debug;
		};
		6F31152519E1D58B007D28EB /* Release */ = {
			isa = XCBuildConfiguration;
			buildSettings = {
				ASSETCATALOG_COMPILER_APPICON_NAME = AppIcon;
				INFOPLIST_FILE = SlotMachine/Info.plist;
				LD_RUNPATH_SEARCH_PATHS = "$(inherited) @executable_path/Frameworks";
				PRODUCT_NAME = "$(TARGET_NAME)";
			};
			name = Release;
		};
		6F31152719E1D58B007D28EB /* Debug */ = {
			isa = XCBuildConfiguration;
			buildSettings = {
				BUNDLE_LOADER = "$(TEST_HOST)";
				FRAMEWORK_SEARCH_PATHS = (
					"$(SDKROOT)/Developer/Library/Frameworks",
					"$(inherited)",
				);
				GCC_PREPROCESSOR_DEFINITIONS = (
					"DEBUG=1",
					"$(inherited)",
				);
				INFOPLIST_FILE = SlotMachineTests/Info.plist;
				LD_RUNPATH_SEARCH_PATHS = "$(inherited) @executable_path/Frameworks @loader_path/Frameworks";
				PRODUCT_NAME = "$(TARGET_NAME)";
				TEST_HOST = "$(BUILT_PRODUCTS_DIR)/SlotMachine.app/SlotMachine";
			};
			name = Debug;
		};
		6F31152819E1D58B007D28EB /* Release */ = {
			isa = XCBuildConfiguration;
			buildSettings = {
				BUNDLE_LOADER = "$(TEST_HOST)";
				FRAMEWORK_SEARCH_PATHS = (
					"$(SDKROOT)/Developer/Library/Frameworks",
					"$(inherited)",
				);
				INFOPLIST_FILE = SlotMachineTests/Info.plist;
				LD_RUNPATH_SEARCH_PATHS = "$(inherited) @executable_path/Frameworks @loader_path/Frameworks";
				PRODUCT_NAME = "$(TARGET_NAME)";
				TEST_HOST = "$(BUILT_PRODUCTS_DIR)/SlotMachine.app/SlotMachine";
			};
			name = Release;
		};
/* End XCBuildConfiguration section */

/* Begin XCConfigurationList section */
		6F3114FF19E1D58B007D28EB /* Build configuration list for PBXProject "SlotMachine" */ = {
			isa = XCConfigurationList;
			buildConfigurations = (
				6F31152119E1D58B007D28EB /* Debug */,
				6F31152219E1D58B007D28EB /* Release */,
			);
			defaultConfigurationIsVisible = 0;
			defaultConfigurationName = Release;
		};
		6F31152319E1D58B007D28EB /* Build configuration list for PBXNativeTarget "SlotMachine" */ = {
			isa = XCConfigurationList;
			buildConfigurations = (
				6F31152419E1D58B007D28EB /* Debug */,
				6F31152519E1D58B007D28EB /* Release */,
			);
			defaultConfigurationIsVisible = 0;
		};
		6F31152619E1D58B007D28EB /* Build configuration list for PBXNativeTarget "SlotMachineTests" */ = {
			isa = XCConfigurationList;
			buildConfigurations = (
				6F31152719E1D58B007D28EB /* Debug */,
				6F31152819E1D58B007D28EB /* Release */,
			);
			defaultConfigurationIsVisible = 0;
		};
/* End XCConfigurationList section */
	};
	rootObject = 6F3114FC19E1D58B007D28EB /* Project object */;
}
